{
  "version": 4,
  "terraform_version": "1.7.0",
  "serial": 3,
  "lineage": "7ecf9904-015d-f64c-7800-a61cd43fe60e",
  "outputs": {
    "cluster_ca_certificate": {
      "value": "-----BEGIN CERTIFICATE-----\nMIIELDCCApSgAwIBAgIQI9PQJzbKpx3Qa+VwR+1X6zANBgkqhkiG9w0BAQsFADAv\nMS0wKwYDVQQDEyQ0YjYzZDQxNS05NjNlLTQwM2EtYmM0YS01OGE0MTEzMzdlNTQw\nIBcNMjQwNjA2MDgwNjA0WhgPMjA1NDA1MzAwOTA2MDRaMC8xLTArBgNVBAMTJDRi\nNjNkNDE1LTk2M2UtNDAzYS1iYzRhLTU4YTQxMTMzN2U1NDCCAaIwDQYJKoZIhvcN\nAQEBBQADggGPADCCAYoCggGBALh/xq0Isf9l+2CH4Jdqs1/1TiZjndwCogzNADFZ\nOZJVWIGk4pC7uLmvdwp85D2b8FNuI7NmYwexkwebHwBYwyHvMARcu65u8gPzYd19\nMuEMhSLBicFz6Nwh4Fb29pbUQf4vMJ6s+G8fb2eI+jk9ydtB5/35vHlmKTRokzxG\nwK6cj0Ih/8ilAm3ATSonYyJWtOThwTWScaenlfQVyPGy0kKLbTSD/Zohyl8n7gOR\nW74+KZ8d/9X+pGEvCyBNQ1YnmnOrhj8zvjFDwwAZVakmyTbCMufBge2SRfqel2gf\nMwNAY63i+tCxcQwsN0vJwrGXKlq0S/8URFL/ZD0lihMoW7ayUgjlU39eStcMg4dK\naCrEXb6NG3y51lzg8MHpbHc3iHTnvrjwDWr71TJPK6QN/MW16AfawdCqUnz/yWZB\nvemeSNcRs5YmFYcrKjyOE2DFQvnfO1zxXYihPGKKObDGRd6tCqgdKfARyq9vPtfE\ncaIeLNiA8Rap+SmJipGojefNiQIDAQABo0IwQDAOBgNVHQ8BAf8EBAMCAgQwDwYD\nVR0TAQH/BAUwAwEB/zAdBgNVHQ4EFgQUF64F6jPKVLJpX+1IFWsdShR0dAYwDQYJ\nKoZIhvcNAQELBQADggGBAAdMOlc4iKD3oqMEfnxsPxB0nRFs5TpZf8rBSHMi9EyM\nPuvD+ZRcx2JshoLi40iOfRvuKto/a2Hq1/vGVqBuSJ/1p7EKRg/0+1g4N3oX+cEV\nRQSq9Qa9D9ANWdbAlhVe3lQWg2JKnkCAF4vhfb/qfc0gqKKxhEHzxKQaTERCd/FZ\nqzm29WpHxtQ1p3izvrz7IKrzdOMJmomDtuivgkM3P8S4+/UfCX7vJ/+YWcMo3vYm\nQPAE3wPcbG6VJ5G9YjP0PQV6a5ugpvQwh4LRt0XFCdfQaIdiVl7j4neWEr4qEVxk\nAHRg4/fO/25WEdW2L8nTU7UNlb5quti94bHICKGjGKTCH5DH8O7f08HQXufEG/HD\nyk7FwmhhDN/2LDp6z1LObfnKsPM7HMDbNIwDHERPjZZOoWCPxD9yDMihJKgAKllw\nLMErFM7gMH5PP3OEa558tq6gTfKlLDIvY2oVUa/4Y1st6PRPc3v1idrGxxg1aaW6\nLsvj/f/hGjAU5LOLqjJOgA==\n-----END CERTIFICATE-----\n",
      "type": "string"
    },
    "cluster_endpoint": {
      "value": "34.141.99.153",
      "type": "string"
    },
    "cluster_name": {
      "value": "super-awesome-cluster",
      "type": "string"
    }
  },
  "resources": [
    {
      "mode": "data",
      "type": "google_client_config",
      "name": "default",
      "provider": "provider[\"registry.terraform.io/hashicorp/google\"]",
      "instances": [
        {
          "schema_version": 0,
          "attributes": {
            "access_token": "ya29.c.c0AY_VpZiygofZtXmpzZXrJAexrpZrCxHsnWgGaIBVZvX-D8QGsshq8ZXOezDRHfbdTHAg0JhGjYHYkBlDsqaofW1OZwj1FlUTiIzWK9L67vMUsa_S7j0-AmvaVO_-lfT4Cq_nIP4MIuM4rb38HeWmQewCpQowwyTdDZDJLzg6_WHf3AmELnOLyeF2ZqpmzcBfyYQCO6QfW0AJZbCrydk21Qd3FOawCZTnljDZqSlq7Ay_04YTURRzD_tM3Sw0KVlD7A0mBO9wdHonE9vJqBbpHa8Km7PIhOCBgU8XhiAYjc2HB4tAUxHwBclbBFkV1k82LiWY2EbIBlUmGYZkFxAYlXDX01YKiLe92uvB1rbkdYnP4_UpZRZo1iyl9XgH388KdrB3F9dsOpldIw6Vzpb3VSnJ4w2YMuhucz6WepdQswbohdbtOdvI_dp183iV2pUwSSutgnyir2XFdwg4n5vugxRcXOvO0b558S8yvF-wvj2hkI_x9FmsnfSYzU2jR3wpo2J5lkIuz2dlFzj58byo70sjQUZYX6S4YytU60m3WmBrRMdaWa0geF4qSrruFl0a1xJyOMXI_VpSvS_se03BvI5FW08v_8_0eckOW78vl08M_zzwuIoeuMkvZzz7IQ_yqSkU1__F6o3xqrSQ6Q8XpI0I_QpOsw-__kpzV9MdkxhFXXFUtfMVXyRl5_WhZeMfdb8j6dXOag2nMJjUSUfx_51jSUO8_c1m8tVYX4SxsgIdvZzhiphQU0fxtRa3FoJ4nU-eVn1v3Jb_iq_a7oUIOkvZlROm_ZvB6Fd_a61t7X3o-0vpF5-30lpiQ00ds1g2-u7fg0ntjspqd35msJf9F7v-z5hq8eFo4qpfplcuq2jo8wwte9o08jyhz7hhjeqxWuXWWIMJFsRlFI7jqB0o4fvQ2eefldW3SslWWwkmdxZeemOJs0d3vyi7t3mlnyat1y-YBl2fVorpfQ14FeMv36M9_z-dnl08eMOFrMfy8s63aiBZzn_12eg",
            "id": "projects/\"ferrous-terrain-422816-i0\"/regions/\"europe-west3\"/zones/\u003cnull\u003e",
            "project": "ferrous-terrain-422816-i0",
            "region": "europe-west3",
            "zone": null
          },
          "sensitive_attributes": []
        }
      ]
    },
    {
      "mode": "managed",
      "type": "google_container_cluster",
      "name": "primary",
      "provider": "provider[\"registry.terraform.io/hashicorp/google\"]",
      "instances": [
        {
          "schema_version": 2,
          "attributes": {
            "addons_config": [
              {
                "cloudrun_config": [],
                "config_connector_config": [],
                "dns_cache_config": [],
                "gce_persistent_disk_csi_driver_config": [
                  {
                    "enabled": true
                  }
                ],
                "gcp_filestore_csi_driver_config": [],
                "gcs_fuse_csi_driver_config": [],
                "gke_backup_agent_config": [],
                "horizontal_pod_autoscaling": [],
                "http_load_balancing": [],
                "network_policy_config": [
                  {
                    "disabled": true
                  }
                ],
                "stateful_ha_config": []
              }
            ],
            "allow_net_admin": null,
            "authenticator_groups_config": [],
            "binary_authorization": [
              {
                "enabled": false,
                "evaluation_mode": ""
              }
            ],
            "cluster_autoscaling": [
              {
                "auto_provisioning_defaults": [],
                "autoscaling_profile": "BALANCED",
                "enabled": false,
                "resource_limits": []
              }
            ],
            "cluster_ipv4_cidr": "10.8.0.0/14",
            "confidential_nodes": [],
            "cost_management_config": [],
            "database_encryption": [
              {
                "key_name": "",
                "state": "DECRYPTED"
              }
            ],
            "datapath_provider": "",
            "default_max_pods_per_node": 110,
            "default_snat_status": [
              {
                "disabled": false
              }
            ],
            "deletion_protection": true,
            "description": "",
            "dns_config": [],
            "enable_autopilot": false,
            "enable_cilium_clusterwide_network_policy": false,
            "enable_intranode_visibility": false,
            "enable_k8s_beta_apis": [],
            "enable_kubernetes_alpha": false,
            "enable_l4_ilb_subsetting": false,
            "enable_legacy_abac": false,
            "enable_shielded_nodes": true,
            "enable_tpu": false,
            "endpoint": "34.141.99.153",
            "fleet": [],
            "gateway_api_config": [],
            "id": "projects/ferrous-terrain-422816-i0/locations/europe-west3/clusters/super-awesome-cluster",
            "identity_service_config": [],
            "initial_node_count": 1,
            "ip_allocation_policy": [
              {
                "additional_pod_ranges_config": [],
                "cluster_ipv4_cidr_block": "10.8.0.0/14",
                "cluster_secondary_range_name": "gke-super-awesome-cluster-pods-9ae576bf",
                "pod_cidr_overprovision_config": [
                  {
                    "disabled": false
                  }
                ],
                "services_ipv4_cidr_block": "34.118.224.0/20",
                "services_secondary_range_name": "",
                "stack_type": "IPV4"
              }
            ],
            "label_fingerprint": "a9dc16a7",
            "location": "europe-west3",
            "logging_config": [
              {
                "enable_components": [
                  "SYSTEM_COMPONENTS",
                  "WORKLOADS"
                ]
              }
            ],
            "logging_service": "logging.googleapis.com/kubernetes",
            "maintenance_policy": [],
            "master_auth": [
              {
                "client_certificate": "",
                "client_certificate_config": [
                  {
                    "issue_client_certificate": false
                  }
                ],
                "client_key": "",
                "cluster_ca_certificate": "LS0tLS1CRUdJTiBDRVJUSUZJQ0FURS0tLS0tCk1JSUVMRENDQXBTZ0F3SUJBZ0lRSTlQUUp6YktweDNRYStWd1IrMVg2ekFOQmdrcWhraUc5dzBCQVFzRkFEQXYKTVMwd0t3WURWUVFERXlRMFlqWXpaRFF4TlMwNU5qTmxMVFF3TTJFdFltTTBZUzAxT0dFME1URXpNemRsTlRRdwpJQmNOTWpRd05qQTJNRGd3TmpBMFdoZ1BNakExTkRBMU16QXdPVEEyTURSYU1DOHhMVEFyQmdOVkJBTVRKRFJpCk5qTmtOREUxTFRrMk0yVXROREF6WVMxaVl6UmhMVFU0WVRReE1UTXpOMlUxTkRDQ0FhSXdEUVlKS29aSWh2Y04KQVFFQkJRQURnZ0dQQURDQ0FZb0NnZ0dCQUxoL3hxMElzZjlsKzJDSDRKZHFzMS8xVGlaam5kd0NvZ3pOQURGWgpPWkpWV0lHazRwQzd1TG12ZHdwODVEMmI4Rk51STdObVl3ZXhrd2ViSHdCWXd5SHZNQVJjdTY1dThnUHpZZDE5Ck11RU1oU0xCaWNGejZOd2g0RmIyOXBiVVFmNHZNSjZzK0c4ZmIyZUkrams5eWR0QjUvMzV2SGxtS1RSb2t6eEcKd0s2Y2owSWgvOGlsQW0zQVRTb25ZeUpXdE9UaHdUV1NjYWVubGZRVnlQR3kwa0tMYlRTRC9ab2h5bDhuN2dPUgpXNzQrS1o4ZC85WCtwR0V2Q3lCTlExWW5tbk9yaGo4enZqRkR3d0FaVmFrbXlUYkNNdWZCZ2UyU1JmcWVsMmdmCk13TkFZNjNpK3RDeGNRd3NOMHZKd3JHWEtscTBTLzhVUkZML1pEMGxpaE1vVzdheVVnamxVMzllU3RjTWc0ZEsKYUNyRVhiNk5HM3k1MWx6ZzhNSHBiSGMzaUhUbnZyandEV3I3MVRKUEs2UU4vTVcxNkFmYXdkQ3FVbnoveVdaQgp2ZW1lU05jUnM1WW1GWWNyS2p5T0UyREZRdm5mTzF6eFhZaWhQR0tLT2JER1JkNnRDcWdkS2ZBUnlxOXZQdGZFCmNhSWVMTmlBOFJhcCtTbUppcEdvamVmTmlRSURBUUFCbzBJd1FEQU9CZ05WSFE4QkFmOEVCQU1DQWdRd0R3WUQKVlIwVEFRSC9CQVV3QXdFQi96QWRCZ05WSFE0RUZnUVVGNjRGNmpQS1ZMSnBYKzFJRldzZFNoUjBkQVl3RFFZSgpLb1pJaHZjTkFRRUxCUUFEZ2dHQkFBZE1PbGM0aUtEM29xTUVmbnhzUHhCMG5SRnM1VHBaZjhyQlNITWk5RXlNClB1dkQrWlJjeDJKc2hvTGk0MGlPZlJ2dUt0by9hMkhxMS92R1ZxQnVTSi8xcDdFS1JnLzArMWc0TjNvWCtjRVYKUlFTcTlRYTlEOUFOV2RiQWxoVmUzbFFXZzJKS25rQ0FGNHZoZmIvcWZjMGdxS0t4aEVIenhLUWFURVJDZC9GWgpxem0yOVdwSHh0UTFwM2l6dnJ6N0lLcnpkT01KbW9tRHR1aXZna00zUDhTNCsvVWZDWDd2Si8rWVdjTW8zdlltClFQQUUzd1BjYkc2Vko1RzlZalAwUFFWNmE1dWdwdlF3aDRMUnQwWEZDZGZRYUlkaVZsN2o0bmVXRXI0cUVWeGsKQUhSZzQvZk8vMjVXRWRXMkw4blRVN1VObGI1cXV0aTk0YkhJQ0tHakdLVENINURIOE83ZjA4SFFYdWZFRy9IRAp5azdGd21oaEROLzJMRHA2ejFMT2JmbktzUE03SE1EYk5Jd0RIRVJQalpaT29XQ1B4RDl5RE1paEpLZ0FLbGx3CkxNRXJGTTdnTUg1UFAzT0VhNTU4dHE2Z1RmS2xMREl2WTJvVlVhLzRZMXN0NlBSUGMzdjFpZHJHeHhnMWFhVzYKTHN2ai9mL2hHakFVNUxPTHFqSk9nQT09Ci0tLS0tRU5EIENFUlRJRklDQVRFLS0tLS0K"
              }
            ],
            "master_authorized_networks_config": [],
            "master_version": "1.29.4-gke.1043002",
            "mesh_certificates": [],
            "min_master_version": null,
            "monitoring_config": [
              {
                "advanced_datapath_observability_config": [
                  {
                    "enable_metrics": false,
                    "enable_relay": false,
                    "relay_mode": "DISABLED"
                  }
                ],
                "enable_components": [
                  "SYSTEM_COMPONENTS"
                ],
                "managed_prometheus": [
                  {
                    "enabled": true
                  }
                ]
              }
            ],
            "monitoring_service": "monitoring.googleapis.com/kubernetes",
            "name": "super-awesome-cluster",
            "network": "projects/ferrous-terrain-422816-i0/global/networks/default",
            "network_policy": [
              {
                "enabled": false,
                "provider": "PROVIDER_UNSPECIFIED"
              }
            ],
            "networking_mode": "VPC_NATIVE",
            "node_config": [
              {
                "advanced_machine_features": [],
                "boot_disk_kms_key": "",
                "confidential_nodes": [],
                "containerd_config": [],
                "disk_size_gb": 30,
                "disk_type": "pd-balanced",
                "effective_taints": [],
                "enable_confidential_storage": false,
                "ephemeral_storage_local_ssd_config": [],
                "fast_socket": [],
                "gcfs_config": [],
                "guest_accelerator": [],
                "gvnic": [],
                "host_maintenance_policy": [],
                "image_type": "COS_CONTAINERD",
                "kubelet_config": [],
                "labels": {},
                "linux_node_config": [],
                "local_nvme_ssd_block_config": [],
                "local_ssd_count": 0,
                "logging_variant": "DEFAULT",
                "machine_type": "e2-small",
                "metadata": {
                  "disable-legacy-endpoints": "true"
                },
                "min_cpu_platform": "",
                "node_group": "",
                "oauth_scopes": [
                  "https://www.googleapis.com/auth/cloud-platform"
                ],
                "preemptible": false,
                "reservation_affinity": [],
                "resource_labels": null,
                "resource_manager_tags": null,
                "secondary_boot_disks": [],
                "service_account": "default",
                "shielded_instance_config": [
                  {
                    "enable_integrity_monitoring": true,
                    "enable_secure_boot": false
                  }
                ],
                "sole_tenant_config": [],
                "spot": false,
                "tags": null,
                "taint": [],
                "workload_metadata_config": []
              }
            ],
            "node_locations": [
              "europe-west3-a",
              "europe-west3-b",
              "europe-west3-c"
            ],
            "node_pool": [
              {
                "autoscaling": [],
                "initial_node_count": 1,
                "instance_group_urls": [
                  "https://www.googleapis.com/compute/v1/projects/ferrous-terrain-422816-i0/zones/europe-west3-b/instanceGroupManagers/gke-super-awesome-cluste-default-pool-f29c8934-grp",
                  "https://www.googleapis.com/compute/v1/projects/ferrous-terrain-422816-i0/zones/europe-west3-c/instanceGroupManagers/gke-super-awesome-cluste-default-pool-54b4351f-grp",
                  "https://www.googleapis.com/compute/v1/projects/ferrous-terrain-422816-i0/zones/europe-west3-a/instanceGroupManagers/gke-super-awesome-cluste-default-pool-4586d6c0-grp"
                ],
                "managed_instance_group_urls": [
                  "https://www.googleapis.com/compute/v1/projects/ferrous-terrain-422816-i0/zones/europe-west3-b/instanceGroups/gke-super-awesome-cluste-default-pool-f29c8934-grp",
                  "https://www.googleapis.com/compute/v1/projects/ferrous-terrain-422816-i0/zones/europe-west3-c/instanceGroups/gke-super-awesome-cluste-default-pool-54b4351f-grp",
                  "https://www.googleapis.com/compute/v1/projects/ferrous-terrain-422816-i0/zones/europe-west3-a/instanceGroups/gke-super-awesome-cluste-default-pool-4586d6c0-grp"
                ],
                "management": [
                  {
                    "auto_repair": true,
                    "auto_upgrade": true
                  }
                ],
                "max_pods_per_node": 110,
                "name": "default-pool",
                "name_prefix": "",
                "network_config": [
                  {
                    "create_pod_range": false,
                    "enable_private_nodes": false,
                    "network_performance_config": [],
                    "pod_cidr_overprovision_config": [],
                    "pod_ipv4_cidr_block": "10.8.0.0/14",
                    "pod_range": "gke-super-awesome-cluster-pods-9ae576bf"
                  }
                ],
                "node_config": [
                  {
                    "advanced_machine_features": [],
                    "boot_disk_kms_key": "",
                    "confidential_nodes": [],
                    "containerd_config": [],
                    "disk_size_gb": 30,
                    "disk_type": "pd-balanced",
                    "effective_taints": [],
                    "enable_confidential_storage": false,
                    "ephemeral_storage_local_ssd_config": [],
                    "fast_socket": [],
                    "gcfs_config": [],
                    "guest_accelerator": [],
                    "gvnic": [],
                    "host_maintenance_policy": [],
                    "image_type": "COS_CONTAINERD",
                    "kubelet_config": [],
                    "labels": {},
                    "linux_node_config": [],
                    "local_nvme_ssd_block_config": [],
                    "local_ssd_count": 0,
                    "logging_variant": "DEFAULT",
                    "machine_type": "e2-small",
                    "metadata": {
                      "disable-legacy-endpoints": "true"
                    },
                    "min_cpu_platform": "",
                    "node_group": "",
                    "oauth_scopes": [
                      "https://www.googleapis.com/auth/cloud-platform"
                    ],
                    "preemptible": false,
                    "reservation_affinity": [],
                    "resource_labels": {},
                    "resource_manager_tags": {},
                    "secondary_boot_disks": [],
                    "service_account": "default",
                    "shielded_instance_config": [
                      {
                        "enable_integrity_monitoring": true,
                        "enable_secure_boot": false
                      }
                    ],
                    "sole_tenant_config": [],
                    "spot": false,
                    "tags": [],
                    "taint": [],
                    "workload_metadata_config": []
                  }
                ],
                "node_count": 1,
                "node_locations": [
                  "europe-west3-a",
                  "europe-west3-b",
                  "europe-west3-c"
                ],
                "placement_policy": [],
                "queued_provisioning": [],
                "upgrade_settings": [
                  {
                    "blue_green_settings": [],
                    "max_surge": 1,
                    "max_unavailable": 0,
                    "strategy": "SURGE"
                  }
                ],
                "version": "1.29.4-gke.1043002"
              }
            ],
            "node_pool_auto_config": [],
            "node_pool_defaults": [
              {
                "node_config_defaults": [
                  {
                    "containerd_config": [],
                    "logging_variant": "DEFAULT"
                  }
                ]
              }
            ],
            "node_version": "1.29.4-gke.1043002",
            "notification_config": [
              {
                "pubsub": [
                  {
                    "enabled": false,
                    "filter": [],
                    "topic": ""
                  }
                ]
              }
            ],
            "operation": null,
            "private_cluster_config": [
              {
                "enable_private_endpoint": false,
                "enable_private_nodes": false,
                "master_global_access_config": [
                  {
                    "enabled": false
                  }
                ],
                "master_ipv4_cidr_block": "",
                "peering_name": "",
                "private_endpoint": "10.156.0.16",
                "private_endpoint_subnetwork": "",
                "public_endpoint": "34.141.99.153"
              }
            ],
            "private_ipv6_google_access": "",
            "project": "ferrous-terrain-422816-i0",
            "release_channel": [
              {
                "channel": "REGULAR"
              }
            ],
            "remove_default_node_pool": null,
            "resource_labels": null,
            "resource_usage_export_config": [],
            "security_posture_config": [
              {
                "mode": "BASIC",
                "vulnerability_mode": "VULNERABILITY_MODE_UNSPECIFIED"
              }
            ],
            "self_link": "https://container.googleapis.com/v1/projects/ferrous-terrain-422816-i0/locations/europe-west3/clusters/super-awesome-cluster",
            "service_external_ips_config": [
              {
                "enabled": false
              }
            ],
            "services_ipv4_cidr": "34.118.224.0/20",
            "subnetwork": "projects/ferrous-terrain-422816-i0/regions/europe-west3/subnetworks/default",
            "timeouts": {
              "create": "30m",
              "delete": null,
              "read": null,
              "update": "40m"
            },
            "tpu_ipv4_cidr_block": "",
            "vertical_pod_autoscaling": [],
            "workload_identity_config": []
          },
          "sensitive_attributes": [],
          "private": "eyJlMmJmYjczMC1lY2FhLTExZTYtOGY4OC0zNDM2M2JjN2M0YzAiOnsiY3JlYXRlIjoxODAwMDAwMDAwMDAwLCJkZWxldGUiOjI0MDAwMDAwMDAwMDAsInJlYWQiOjI0MDAwMDAwMDAwMDAsInVwZGF0ZSI6MjQwMDAwMDAwMDAwMH0sInNjaGVtYV92ZXJzaW9uIjoiMiJ9"
        }
      ]
    },
    {
      "mode": "managed",
      "type": "google_container_node_pool",
      "name": "primary_nodes",
      "provider": "provider[\"registry.terraform.io/hashicorp/google\"]",
      "instances": [
        {
          "schema_version": 1,
          "attributes": {
            "autoscaling": [],
            "cluster": "super-awesome-cluster",
            "id": "projects/ferrous-terrain-422816-i0/locations/europe-west3/clusters/super-awesome-cluster/nodePools/primary-node-pool",
            "initial_node_count": 1,
            "instance_group_urls": [
              "https://www.googleapis.com/compute/v1/projects/ferrous-terrain-422816-i0/zones/europe-west3-b/instanceGroupManagers/gke-super-awesome-cl-primary-node-poo-85fc82e9-grp",
              "https://www.googleapis.com/compute/v1/projects/ferrous-terrain-422816-i0/zones/europe-west3-c/instanceGroupManagers/gke-super-awesome-cl-primary-node-poo-42c7fd08-grp",
              "https://www.googleapis.com/compute/v1/projects/ferrous-terrain-422816-i0/zones/europe-west3-a/instanceGroupManagers/gke-super-awesome-cl-primary-node-poo-b6b81108-grp"
            ],
            "location": "europe-west3",
            "managed_instance_group_urls": [
              "https://www.googleapis.com/compute/v1/projects/ferrous-terrain-422816-i0/zones/europe-west3-b/instanceGroups/gke-super-awesome-cl-primary-node-poo-85fc82e9-grp",
              "https://www.googleapis.com/compute/v1/projects/ferrous-terrain-422816-i0/zones/europe-west3-c/instanceGroups/gke-super-awesome-cl-primary-node-poo-42c7fd08-grp",
              "https://www.googleapis.com/compute/v1/projects/ferrous-terrain-422816-i0/zones/europe-west3-a/instanceGroups/gke-super-awesome-cl-primary-node-poo-b6b81108-grp"
            ],
            "management": [
              {
                "auto_repair": true,
                "auto_upgrade": true
              }
            ],
            "max_pods_per_node": 110,
            "name": "primary-node-pool",
            "name_prefix": "",
            "network_config": [
              {
                "create_pod_range": false,
                "enable_private_nodes": false,
                "network_performance_config": [],
                "pod_cidr_overprovision_config": [],
                "pod_ipv4_cidr_block": "10.8.0.0/14",
                "pod_range": "gke-super-awesome-cluster-pods-9ae576bf"
              }
            ],
            "node_config": [
              {
                "advanced_machine_features": [],
                "boot_disk_kms_key": "",
                "confidential_nodes": [],
                "containerd_config": [],
                "disk_size_gb": 30,
                "disk_type": "pd-balanced",
                "effective_taints": [],
                "enable_confidential_storage": false,
                "ephemeral_storage_local_ssd_config": [],
                "fast_socket": [],
                "gcfs_config": [],
                "guest_accelerator": [],
                "gvnic": [],
                "host_maintenance_policy": [],
                "image_type": "COS_CONTAINERD",
                "kubelet_config": [],
                "labels": {},
                "linux_node_config": [],
                "local_nvme_ssd_block_config": [],
                "local_ssd_count": 0,
                "logging_variant": "DEFAULT",
                "machine_type": "e2-small",
                "metadata": {
                  "disable-legacy-endpoints": "true"
                },
                "min_cpu_platform": "",
                "node_group": "",
                "oauth_scopes": [
                  "https://www.googleapis.com/auth/cloud-platform"
                ],
                "preemptible": false,
                "reservation_affinity": [],
                "resource_labels": null,
                "resource_manager_tags": null,
                "secondary_boot_disks": [],
                "service_account": "default",
                "shielded_instance_config": [
                  {
                    "enable_integrity_monitoring": true,
                    "enable_secure_boot": false
                  }
                ],
                "sole_tenant_config": [],
                "spot": false,
                "tags": null,
                "taint": [],
                "workload_metadata_config": []
              }
            ],
            "node_count": 1,
            "node_locations": [
              "europe-west3-a",
              "europe-west3-b",
              "europe-west3-c"
            ],
            "operation": null,
            "placement_policy": [],
            "project": "ferrous-terrain-422816-i0",
            "queued_provisioning": [],
            "timeouts": {
              "create": "30m",
              "delete": null,
              "update": "40m"
            },
            "upgrade_settings": [
              {
                "blue_green_settings": [],
                "max_surge": 1,
                "max_unavailable": 0,
                "strategy": "SURGE"
              }
            ],
            "version": "1.29.4-gke.1043002"
          },
          "sensitive_attributes": [],
          "private": "eyJlMmJmYjczMC1lY2FhLTExZTYtOGY4OC0zNDM2M2JjN2M0YzAiOnsiY3JlYXRlIjoxODAwMDAwMDAwMDAwLCJkZWxldGUiOjE4MDAwMDAwMDAwMDAsInVwZGF0ZSI6MjQwMDAwMDAwMDAwMH0sInNjaGVtYV92ZXJzaW9uIjoiMSJ9",
          "dependencies": [
            "google_container_cluster.primary"
          ]
        }
      ]
    }
  ],
  "check_results": null
}
